Microsoft Visual Studio Solution File, Format Version 12.00
# Visual Studio Version 17
VisualStudioVersion = 17.5.2.0
MinimumVisualStudioVersion = 10.0.40219.1
Project("{FAE04EC0-301F-11D3-BF4B-00C04F79EFBC}") = "RecipeNest", "RecipeNest.csproj", "{475F0FBA-B8CF-0100-F971-FA83325E764B}"
EndProject
Global
	GlobalSection(SolutionConfigurationPlatforms) = preSolution
		Debug|Any CPU = Debug|Any CPU
		Release|Any CPU = Release|Any CPU
	EndGlobalSection
	GlobalSection(ProjectConfigurationPlatforms) = postSolution
		{475F0FBA-B8CF-0100-F971-FA83325E764B}.Debug|Any CPU.ActiveCfg = Debug|Any CPU
		{475F0FBA-B8CF-0100-F971-FA83325E764B}.Debug|Any CPU.Build.0 = Debug|Any CPU
		{475F0FBA-B8CF-0100-F971-FA83325E764B}.Release|Any CPU.ActiveCfg = Release|Any CPU
		{475F0FBA-B8CF-0100-F971-FA83325E764B}.Release|Any CPU.Build.0 = Release|Any CPU
	EndGlobalSection
	GlobalSection(SolutionProperties) = preSolution
		HideSolutionNode = FALSE
	EndGlobalSection
	GlobalSection(ExtensibilityGlobals) = postSolution
		SolutionGuid = {57013C63-884B-4D86-AFB3-71671EE8BFBF}
	EndGlobalSection
EndGlobal
